{
  "nodes": {
    "flake-utils": {
      "locked": {
        "lastModified": 1659877975,
        "narHash": "sha256-zllb8aq3YO3h8B/U0/J1WBgAL8EX5yWf5pMj3G0NAmc=",
        "owner": "numtide",
        "repo": "flake-utils",
        "rev": "c0e246b9b83f637f4681389ecabcb2681b4f3af0",
        "type": "github"
      },
      "original": {
        "owner": "numtide",
        "repo": "flake-utils",
        "type": "github"
      }
    },
    "man-pages-ja": {
      "flake": false,
      "locked": {
        "narHash": "sha256-8lPdOG7BpixVpFtxGIOmR7b+GyC/TU307vysKLAaDDo=",
        "type": "file",
        "url": "https://linuxjm.osdn.jp/man-pages-ja-20220815.tar.gz"
      },
      "original": {
        "type": "file",
        "url": "https://linuxjm.osdn.jp/man-pages-ja-20220815.tar.gz"
      }
    },
    "nixpkgs": {
      "locked": {
        "lastModified": 1664787379,
        "narHash": "sha256-gfKKtflfRcyxUPeTQ1JwyF1vXdyVvjO6Zy7GVyDdPro=",
        "owner": "NixOS",
        "repo": "nixpkgs",
        "rev": "2c2c0afe1b5b31ed6a559ec4687b58608fa9069d",
        "type": "github"
      },
      "original": {
        "id": "nixpkgs",
        "ref": "nixpkgs-unstable",
        "type": "indirect"
      }
    },
    "root": {
      "inputs": {
        "flake-utils": "flake-utils",
        "man-pages-ja": "man-pages-ja",
        "nixpkgs": "nixpkgs"
      }
    }
  },
  "root": "root",
  "version": 7
}
